
Microsoft Visual Studio Solution File, Format Version 12.00
# Visual Studio Version 17
VisualStudioVersion = 17.7.34031.279
MinimumVisualStudioVersion = 10.0.40219.1
<<<<<<< HEAD
Global
=======
Project("{8BC9CEB8-8B4A-11D0-8D11-00A0C91BC942}") = "Bai001", "Bai001\Bai001.vcxproj", "{F602E416-BC2A-4650-B64A-682E6ECEA206}"
EndProject
Project("{8BC9CEB8-8B4A-11D0-8D11-00A0C91BC942}") = "Bai002", "Bai002\Bai002.vcxproj", "{C2913E76-CBE2-4C6C-AC44-75E1D54A9CDA}"
EndProject
Project("{8BC9CEB8-8B4A-11D0-8D11-00A0C91BC942}") = "Bai003", "Bai003\Bai003.vcxproj", "{89B6D011-B935-4F4D-B01B-8F2E86DAAD5F}"
EndProject
Project("{8BC9CEB8-8B4A-11D0-8D11-00A0C91BC942}") = "Bai004", "Bai004\Bai004.vcxproj", "{CA718060-4930-48DD-A70A-22E8E3A05361}"
EndProject
Project("{8BC9CEB8-8B4A-11D0-8D11-00A0C91BC942}") = "Bai005", "Bai005\Bai005.vcxproj", "{1F6BE69C-2FA4-41B1-91E0-4B0AE20E1CDD}"
EndProject
Project("{8BC9CEB8-8B4A-11D0-8D11-00A0C91BC942}") = "Bai006", "Bai006\Bai006.vcxproj", "{64124D74-A6A3-4190-8B7A-D1E1616EF52C}"
EndProject
Project("{8BC9CEB8-8B4A-11D0-8D11-00A0C91BC942}") = "Bai007", "Bai007\Bai007.vcxproj", "{BAD0F913-B03D-4098-938C-700132669DD4}"
EndProject
Project("{8BC9CEB8-8B4A-11D0-8D11-00A0C91BC942}") = "Bai008", "Bai008\Bai008.vcxproj", "{DB8D11AC-686E-4B9D-836B-5404F31375B8}"
EndProject
Project("{8BC9CEB8-8B4A-11D0-8D11-00A0C91BC942}") = "Bai009", "Bai009\Bai009.vcxproj", "{1F643779-6647-4375-A6C4-F2095F1FC687}"
EndProject
Project("{8BC9CEB8-8B4A-11D0-8D11-00A0C91BC942}") = "Bai010", "Bai010\Bai010.vcxproj", "{21359DD2-E378-4F49-825D-7B75A880744E}"
EndProject
Global
	GlobalSection(SolutionConfigurationPlatforms) = preSolution
		Debug|x64 = Debug|x64
		Debug|x86 = Debug|x86
		Release|x64 = Release|x64
		Release|x86 = Release|x86
	EndGlobalSection
	GlobalSection(ProjectConfigurationPlatforms) = postSolution
		{F602E416-BC2A-4650-B64A-682E6ECEA206}.Debug|x64.ActiveCfg = Debug|x64
		{F602E416-BC2A-4650-B64A-682E6ECEA206}.Debug|x64.Build.0 = Debug|x64
		{F602E416-BC2A-4650-B64A-682E6ECEA206}.Debug|x86.ActiveCfg = Debug|Win32
		{F602E416-BC2A-4650-B64A-682E6ECEA206}.Debug|x86.Build.0 = Debug|Win32
		{F602E416-BC2A-4650-B64A-682E6ECEA206}.Release|x64.ActiveCfg = Release|x64
		{F602E416-BC2A-4650-B64A-682E6ECEA206}.Release|x64.Build.0 = Release|x64
		{F602E416-BC2A-4650-B64A-682E6ECEA206}.Release|x86.ActiveCfg = Release|Win32
		{F602E416-BC2A-4650-B64A-682E6ECEA206}.Release|x86.Build.0 = Release|Win32
		{C2913E76-CBE2-4C6C-AC44-75E1D54A9CDA}.Debug|x64.ActiveCfg = Debug|x64
		{C2913E76-CBE2-4C6C-AC44-75E1D54A9CDA}.Debug|x64.Build.0 = Debug|x64
		{C2913E76-CBE2-4C6C-AC44-75E1D54A9CDA}.Debug|x86.ActiveCfg = Debug|Win32
		{C2913E76-CBE2-4C6C-AC44-75E1D54A9CDA}.Debug|x86.Build.0 = Debug|Win32
		{C2913E76-CBE2-4C6C-AC44-75E1D54A9CDA}.Release|x64.ActiveCfg = Release|x64
		{C2913E76-CBE2-4C6C-AC44-75E1D54A9CDA}.Release|x64.Build.0 = Release|x64
		{C2913E76-CBE2-4C6C-AC44-75E1D54A9CDA}.Release|x86.ActiveCfg = Release|Win32
		{C2913E76-CBE2-4C6C-AC44-75E1D54A9CDA}.Release|x86.Build.0 = Release|Win32
		{89B6D011-B935-4F4D-B01B-8F2E86DAAD5F}.Debug|x64.ActiveCfg = Debug|x64
		{89B6D011-B935-4F4D-B01B-8F2E86DAAD5F}.Debug|x64.Build.0 = Debug|x64
		{89B6D011-B935-4F4D-B01B-8F2E86DAAD5F}.Debug|x86.ActiveCfg = Debug|Win32
		{89B6D011-B935-4F4D-B01B-8F2E86DAAD5F}.Debug|x86.Build.0 = Debug|Win32
		{89B6D011-B935-4F4D-B01B-8F2E86DAAD5F}.Release|x64.ActiveCfg = Release|x64
		{89B6D011-B935-4F4D-B01B-8F2E86DAAD5F}.Release|x64.Build.0 = Release|x64
		{89B6D011-B935-4F4D-B01B-8F2E86DAAD5F}.Release|x86.ActiveCfg = Release|Win32
		{89B6D011-B935-4F4D-B01B-8F2E86DAAD5F}.Release|x86.Build.0 = Release|Win32
		{CA718060-4930-48DD-A70A-22E8E3A05361}.Debug|x64.ActiveCfg = Debug|x64
		{CA718060-4930-48DD-A70A-22E8E3A05361}.Debug|x64.Build.0 = Debug|x64
		{CA718060-4930-48DD-A70A-22E8E3A05361}.Debug|x86.ActiveCfg = Debug|Win32
		{CA718060-4930-48DD-A70A-22E8E3A05361}.Debug|x86.Build.0 = Debug|Win32
		{CA718060-4930-48DD-A70A-22E8E3A05361}.Release|x64.ActiveCfg = Release|x64
		{CA718060-4930-48DD-A70A-22E8E3A05361}.Release|x64.Build.0 = Release|x64
		{CA718060-4930-48DD-A70A-22E8E3A05361}.Release|x86.ActiveCfg = Release|Win32
		{CA718060-4930-48DD-A70A-22E8E3A05361}.Release|x86.Build.0 = Release|Win32
		{1F6BE69C-2FA4-41B1-91E0-4B0AE20E1CDD}.Debug|x64.ActiveCfg = Debug|x64
		{1F6BE69C-2FA4-41B1-91E0-4B0AE20E1CDD}.Debug|x64.Build.0 = Debug|x64
		{1F6BE69C-2FA4-41B1-91E0-4B0AE20E1CDD}.Debug|x86.ActiveCfg = Debug|Win32
		{1F6BE69C-2FA4-41B1-91E0-4B0AE20E1CDD}.Debug|x86.Build.0 = Debug|Win32
		{1F6BE69C-2FA4-41B1-91E0-4B0AE20E1CDD}.Release|x64.ActiveCfg = Release|x64
		{1F6BE69C-2FA4-41B1-91E0-4B0AE20E1CDD}.Release|x64.Build.0 = Release|x64
		{1F6BE69C-2FA4-41B1-91E0-4B0AE20E1CDD}.Release|x86.ActiveCfg = Release|Win32
		{1F6BE69C-2FA4-41B1-91E0-4B0AE20E1CDD}.Release|x86.Build.0 = Release|Win32
		{64124D74-A6A3-4190-8B7A-D1E1616EF52C}.Debug|x64.ActiveCfg = Debug|x64
		{64124D74-A6A3-4190-8B7A-D1E1616EF52C}.Debug|x64.Build.0 = Debug|x64
		{64124D74-A6A3-4190-8B7A-D1E1616EF52C}.Debug|x86.ActiveCfg = Debug|Win32
		{64124D74-A6A3-4190-8B7A-D1E1616EF52C}.Debug|x86.Build.0 = Debug|Win32
		{64124D74-A6A3-4190-8B7A-D1E1616EF52C}.Release|x64.ActiveCfg = Release|x64
		{64124D74-A6A3-4190-8B7A-D1E1616EF52C}.Release|x64.Build.0 = Release|x64
		{64124D74-A6A3-4190-8B7A-D1E1616EF52C}.Release|x86.ActiveCfg = Release|Win32
		{64124D74-A6A3-4190-8B7A-D1E1616EF52C}.Release|x86.Build.0 = Release|Win32
		{BAD0F913-B03D-4098-938C-700132669DD4}.Debug|x64.ActiveCfg = Debug|x64
		{BAD0F913-B03D-4098-938C-700132669DD4}.Debug|x64.Build.0 = Debug|x64
		{BAD0F913-B03D-4098-938C-700132669DD4}.Debug|x86.ActiveCfg = Debug|Win32
		{BAD0F913-B03D-4098-938C-700132669DD4}.Debug|x86.Build.0 = Debug|Win32
		{BAD0F913-B03D-4098-938C-700132669DD4}.Release|x64.ActiveCfg = Release|x64
		{BAD0F913-B03D-4098-938C-700132669DD4}.Release|x64.Build.0 = Release|x64
		{BAD0F913-B03D-4098-938C-700132669DD4}.Release|x86.ActiveCfg = Release|Win32
		{BAD0F913-B03D-4098-938C-700132669DD4}.Release|x86.Build.0 = Release|Win32
		{DB8D11AC-686E-4B9D-836B-5404F31375B8}.Debug|x64.ActiveCfg = Debug|x64
		{DB8D11AC-686E-4B9D-836B-5404F31375B8}.Debug|x64.Build.0 = Debug|x64
		{DB8D11AC-686E-4B9D-836B-5404F31375B8}.Debug|x86.ActiveCfg = Debug|Win32
		{DB8D11AC-686E-4B9D-836B-5404F31375B8}.Debug|x86.Build.0 = Debug|Win32
		{DB8D11AC-686E-4B9D-836B-5404F31375B8}.Release|x64.ActiveCfg = Release|x64
		{DB8D11AC-686E-4B9D-836B-5404F31375B8}.Release|x64.Build.0 = Release|x64
		{DB8D11AC-686E-4B9D-836B-5404F31375B8}.Release|x86.ActiveCfg = Release|Win32
		{DB8D11AC-686E-4B9D-836B-5404F31375B8}.Release|x86.Build.0 = Release|Win32
		{1F643779-6647-4375-A6C4-F2095F1FC687}.Debug|x64.ActiveCfg = Debug|x64
		{1F643779-6647-4375-A6C4-F2095F1FC687}.Debug|x64.Build.0 = Debug|x64
		{1F643779-6647-4375-A6C4-F2095F1FC687}.Debug|x86.ActiveCfg = Debug|Win32
		{1F643779-6647-4375-A6C4-F2095F1FC687}.Debug|x86.Build.0 = Debug|Win32
		{1F643779-6647-4375-A6C4-F2095F1FC687}.Release|x64.ActiveCfg = Release|x64
		{1F643779-6647-4375-A6C4-F2095F1FC687}.Release|x64.Build.0 = Release|x64
		{1F643779-6647-4375-A6C4-F2095F1FC687}.Release|x86.ActiveCfg = Release|Win32
		{1F643779-6647-4375-A6C4-F2095F1FC687}.Release|x86.Build.0 = Release|Win32
		{21359DD2-E378-4F49-825D-7B75A880744E}.Debug|x64.ActiveCfg = Debug|x64
		{21359DD2-E378-4F49-825D-7B75A880744E}.Debug|x64.Build.0 = Debug|x64
		{21359DD2-E378-4F49-825D-7B75A880744E}.Debug|x86.ActiveCfg = Debug|Win32
		{21359DD2-E378-4F49-825D-7B75A880744E}.Debug|x86.Build.0 = Debug|Win32
		{21359DD2-E378-4F49-825D-7B75A880744E}.Release|x64.ActiveCfg = Release|x64
		{21359DD2-E378-4F49-825D-7B75A880744E}.Release|x64.Build.0 = Release|x64
		{21359DD2-E378-4F49-825D-7B75A880744E}.Release|x86.ActiveCfg = Release|Win32
		{21359DD2-E378-4F49-825D-7B75A880744E}.Release|x86.Build.0 = Release|Win32
	EndGlobalSection
>>>>>>> thai tuan
	GlobalSection(SolutionProperties) = preSolution
		HideSolutionNode = FALSE
	EndGlobalSection
	GlobalSection(ExtensibilityGlobals) = postSolution
		SolutionGuid = {5F09FD20-89FF-4461-9DD6-AF91C4B6CF63}
	EndGlobalSection
EndGlobal
